
Microsoft Visual Studio Solution File, Format Version 12.00
# Visual Studio Version 16
VisualStudioVersion = 16.0.30804.86
MinimumVisualStudioVersion = 10.0.40219.1
Project("{FAE04EC0-301F-11D3-BF4B-00C04F79EFBC}") = "S06ListaProgramaFuncionarios", "S06ListaProgramaFuncionarios\S06ListaProgramaFuncionarios.csproj", "{F43353A7-4022-48F1-907E-3C98191F5F74}"
EndProject
Global
	GlobalSection(SolutionConfigurationPlatforms) = preSolution
		Debug|Any CPU = Debug|Any CPU
		Release|Any CPU = Release|Any CPU
	EndGlobalSection
	GlobalSection(ProjectConfigurationPlatforms) = postSolution
		{F43353A7-4022-48F1-907E-3C98191F5F74}.Debug|Any CPU.ActiveCfg = Debug|Any CPU
		{F43353A7-4022-48F1-907E-3C98191F5F74}.Debug|Any CPU.Build.0 = Debug|Any CPU
		{F43353A7-4022-48F1-907E-3C98191F5F74}.Release|Any CPU.ActiveCfg = Release|Any CPU
		{F43353A7-4022-48F1-907E-3C98191F5F74}.Release|Any CPU.Build.0 = Release|Any CPU
	EndGlobalSection
	GlobalSection(SolutionProperties) = preSolution
		HideSolutionNode = FALSE
	EndGlobalSection
	GlobalSection(ExtensibilityGlobals) = postSolution
		SolutionGuid = {01C0447E-0CEB-4C09-8460-F30D287F7FC4}
	EndGlobalSection
EndGlobal
