
Microsoft Visual Studio Solution File, Format Version 12.00
# Visual Studio Version 16
VisualStudioVersion = 16.0.30804.86
MinimumVisualStudioVersion = 10.0.40219.1
Project("{FAE04EC0-301F-11D3-BF4B-00C04F79EFBC}") = "S04EXNotaAluno", "S04EXNotaAluno\S04EXNotaAluno.csproj", "{9CCC1EC2-F978-4E53-A6B8-26DD8553F68E}"
EndProject
Global
	GlobalSection(SolutionConfigurationPlatforms) = preSolution
		Debug|Any CPU = Debug|Any CPU
		Release|Any CPU = Release|Any CPU
	EndGlobalSection
	GlobalSection(ProjectConfigurationPlatforms) = postSolution
		{9CCC1EC2-F978-4E53-A6B8-26DD8553F68E}.Debug|Any CPU.ActiveCfg = Debug|Any CPU
		{9CCC1EC2-F978-4E53-A6B8-26DD8553F68E}.Debug|Any CPU.Build.0 = Debug|Any CPU
		{9CCC1EC2-F978-4E53-A6B8-26DD8553F68E}.Release|Any CPU.ActiveCfg = Release|Any CPU
		{9CCC1EC2-F978-4E53-A6B8-26DD8553F68E}.Release|Any CPU.Build.0 = Release|Any CPU
	EndGlobalSection
	GlobalSection(SolutionProperties) = preSolution
		HideSolutionNode = FALSE
	EndGlobalSection
	GlobalSection(ExtensibilityGlobals) = postSolution
		SolutionGuid = {3AA9FC91-64E3-496D-8D25-00DB1B69BB7B}
	EndGlobalSection
EndGlobal
