
Microsoft Visual Studio Solution File, Format Version 12.00
# Visual Studio Version 16
VisualStudioVersion = 16.0.30804.86
MinimumVisualStudioVersion = 10.0.40219.1
Project("{FAE04EC0-301F-11D3-BF4B-00C04F79EFBC}") = "SoartedSet_OperacoesConjunto", "SoartedSet_OperacoesConjunto\SoartedSet_OperacoesConjunto.csproj", "{3FFA5A16-AC42-4B29-81B6-1198375514DE}"
EndProject
Global
	GlobalSection(SolutionConfigurationPlatforms) = preSolution
		Debug|Any CPU = Debug|Any CPU
		Release|Any CPU = Release|Any CPU
	EndGlobalSection
	GlobalSection(ProjectConfigurationPlatforms) = postSolution
		{3FFA5A16-AC42-4B29-81B6-1198375514DE}.Debug|Any CPU.ActiveCfg = Debug|Any CPU
		{3FFA5A16-AC42-4B29-81B6-1198375514DE}.Debug|Any CPU.Build.0 = Debug|Any CPU
		{3FFA5A16-AC42-4B29-81B6-1198375514DE}.Release|Any CPU.ActiveCfg = Release|Any CPU
		{3FFA5A16-AC42-4B29-81B6-1198375514DE}.Release|Any CPU.Build.0 = Release|Any CPU
	EndGlobalSection
	GlobalSection(SolutionProperties) = preSolution
		HideSolutionNode = FALSE
	EndGlobalSection
	GlobalSection(ExtensibilityGlobals) = postSolution
		SolutionGuid = {60783207-AECD-43B6-9805-55930DC91C0D}
	EndGlobalSection
EndGlobal
