
Microsoft Visual Studio Solution File, Format Version 12.00
# Visual Studio Version 16
VisualStudioVersion = 16.0.30804.86
MinimumVisualStudioVersion = 10.0.40219.1
Project("{FAE04EC0-301F-11D3-BF4B-00C04F79EFBC}") = "HotelReservation Exercise", "HotelReservation Exercise\HotelReservation Exercise.csproj", "{BB5BD521-E690-49D0-A754-887AA07FD273}"
EndProject
Global
	GlobalSection(SolutionConfigurationPlatforms) = preSolution
		Debug|Any CPU = Debug|Any CPU
		Release|Any CPU = Release|Any CPU
	EndGlobalSection
	GlobalSection(ProjectConfigurationPlatforms) = postSolution
		{BB5BD521-E690-49D0-A754-887AA07FD273}.Debug|Any CPU.ActiveCfg = Debug|Any CPU
		{BB5BD521-E690-49D0-A754-887AA07FD273}.Debug|Any CPU.Build.0 = Debug|Any CPU
		{BB5BD521-E690-49D0-A754-887AA07FD273}.Release|Any CPU.ActiveCfg = Release|Any CPU
		{BB5BD521-E690-49D0-A754-887AA07FD273}.Release|Any CPU.Build.0 = Release|Any CPU
	EndGlobalSection
	GlobalSection(SolutionProperties) = preSolution
		HideSolutionNode = FALSE
	EndGlobalSection
	GlobalSection(ExtensibilityGlobals) = postSolution
		SolutionGuid = {4DC210A5-90F3-4F35-9242-1117C3791959}
	EndGlobalSection
EndGlobal
