
Microsoft Visual Studio Solution File, Format Version 12.00
# Visual Studio Version 16
VisualStudioVersion = 16.0.30804.86
MinimumVisualStudioVersion = 10.0.40219.1
Project("{FAE04EC0-301F-11D3-BF4B-00C04F79EFBC}") = "S04Ex02", "S04Ex02\S04Ex02.csproj", "{48EDC50D-77A4-400C-A191-1DA6719C109C}"
EndProject
Global
	GlobalSection(SolutionConfigurationPlatforms) = preSolution
		Debug|Any CPU = Debug|Any CPU
		Release|Any CPU = Release|Any CPU
	EndGlobalSection
	GlobalSection(ProjectConfigurationPlatforms) = postSolution
		{48EDC50D-77A4-400C-A191-1DA6719C109C}.Debug|Any CPU.ActiveCfg = Debug|Any CPU
		{48EDC50D-77A4-400C-A191-1DA6719C109C}.Debug|Any CPU.Build.0 = Debug|Any CPU
		{48EDC50D-77A4-400C-A191-1DA6719C109C}.Release|Any CPU.ActiveCfg = Release|Any CPU
		{48EDC50D-77A4-400C-A191-1DA6719C109C}.Release|Any CPU.Build.0 = Release|Any CPU
	EndGlobalSection
	GlobalSection(SolutionProperties) = preSolution
		HideSolutionNode = FALSE
	EndGlobalSection
	GlobalSection(ExtensibilityGlobals) = postSolution
		SolutionGuid = {38F1EAF4-4F84-4CA6-A545-6640082C0BEA}
	EndGlobalSection
EndGlobal
