
Microsoft Visual Studio Solution File, Format Version 12.00
# Visual Studio Version 16
VisualStudioVersion = 16.0.30804.86
MinimumVisualStudioVersion = 10.0.40219.1
Project("{FAE04EC0-301F-11D3-BF4B-00C04F79EFBC}") = "s06 matrizes", "s06 matrizes\s06 matrizes.csproj", "{09093DD9-7358-4EC3-B4B0-9EC4F6365360}"
EndProject
Global
	GlobalSection(SolutionConfigurationPlatforms) = preSolution
		Debug|Any CPU = Debug|Any CPU
		Release|Any CPU = Release|Any CPU
	EndGlobalSection
	GlobalSection(ProjectConfigurationPlatforms) = postSolution
		{09093DD9-7358-4EC3-B4B0-9EC4F6365360}.Debug|Any CPU.ActiveCfg = Debug|Any CPU
		{09093DD9-7358-4EC3-B4B0-9EC4F6365360}.Debug|Any CPU.Build.0 = Debug|Any CPU
		{09093DD9-7358-4EC3-B4B0-9EC4F6365360}.Release|Any CPU.ActiveCfg = Release|Any CPU
		{09093DD9-7358-4EC3-B4B0-9EC4F6365360}.Release|Any CPU.Build.0 = Release|Any CPU
	EndGlobalSection
	GlobalSection(SolutionProperties) = preSolution
		HideSolutionNode = FALSE
	EndGlobalSection
	GlobalSection(ExtensibilityGlobals) = postSolution
		SolutionGuid = {AAB996B6-3346-4C03-93E7-1302DD65CD7A}
	EndGlobalSection
EndGlobal
