
Microsoft Visual Studio Solution File, Format Version 12.00
# Visual Studio Version 16
VisualStudioVersion = 16.0.30804.86
MinimumVisualStudioVersion = 10.0.40219.1
Project("{FAE04EC0-301F-11D3-BF4B-00C04F79EFBC}") = "IntroducaoDelegateBinaryOperation", "IntroducaoDelegateBinaryOperation\IntroducaoDelegateBinaryOperation.csproj", "{52C80E8D-AFDE-414D-9386-AA5937D75D9D}"
EndProject
Global
	GlobalSection(SolutionConfigurationPlatforms) = preSolution
		Debug|Any CPU = Debug|Any CPU
		Release|Any CPU = Release|Any CPU
	EndGlobalSection
	GlobalSection(ProjectConfigurationPlatforms) = postSolution
		{52C80E8D-AFDE-414D-9386-AA5937D75D9D}.Debug|Any CPU.ActiveCfg = Debug|Any CPU
		{52C80E8D-AFDE-414D-9386-AA5937D75D9D}.Debug|Any CPU.Build.0 = Debug|Any CPU
		{52C80E8D-AFDE-414D-9386-AA5937D75D9D}.Release|Any CPU.ActiveCfg = Release|Any CPU
		{52C80E8D-AFDE-414D-9386-AA5937D75D9D}.Release|Any CPU.Build.0 = Release|Any CPU
	EndGlobalSection
	GlobalSection(SolutionProperties) = preSolution
		HideSolutionNode = FALSE
	EndGlobalSection
	GlobalSection(ExtensibilityGlobals) = postSolution
		SolutionGuid = {39FA57DC-5772-4645-83F5-34720671FD07}
	EndGlobalSection
EndGlobal
