
Microsoft Visual Studio Solution File, Format Version 12.00
# Visual Studio Version 16
VisualStudioVersion = 16.0.30804.86
MinimumVisualStudioVersion = 10.0.40219.1
Project("{FAE04EC0-301F-11D3-BF4B-00C04F79EFBC}") = "GetHashCode e Equals", "GetHashCode e Equals\GetHashCode e Equals.csproj", "{A3A1DB3B-16B3-4E0D-B319-72830DCF37B0}"
EndProject
Global
	GlobalSection(SolutionConfigurationPlatforms) = preSolution
		Debug|Any CPU = Debug|Any CPU
		Release|Any CPU = Release|Any CPU
	EndGlobalSection
	GlobalSection(ProjectConfigurationPlatforms) = postSolution
		{A3A1DB3B-16B3-4E0D-B319-72830DCF37B0}.Debug|Any CPU.ActiveCfg = Debug|Any CPU
		{A3A1DB3B-16B3-4E0D-B319-72830DCF37B0}.Debug|Any CPU.Build.0 = Debug|Any CPU
		{A3A1DB3B-16B3-4E0D-B319-72830DCF37B0}.Release|Any CPU.ActiveCfg = Release|Any CPU
		{A3A1DB3B-16B3-4E0D-B319-72830DCF37B0}.Release|Any CPU.Build.0 = Release|Any CPU
	EndGlobalSection
	GlobalSection(SolutionProperties) = preSolution
		HideSolutionNode = FALSE
	EndGlobalSection
	GlobalSection(ExtensibilityGlobals) = postSolution
		SolutionGuid = {5E41A43C-22AA-4C7A-8AB7-6606FB2B70B2}
	EndGlobalSection
EndGlobal
